
Microsoft Visual Studio Solution File, Format Version 12.00
# Visual Studio 15
VisualStudioVersion = 15.0.28010.2036
MinimumVisualStudioVersion = 10.0.40219.1
Project("{8BC9CEB8-8B4A-11D0-8D11-00A0C91BC942}") = "Operator Overloading Practice", "Operator Overloading Practice\Operator Overloading Practice.vcxproj", "{EBFFFC97-8F0B-4731-AE8D-F67EAA3634F9}"
EndProject
Global
	GlobalSection(SolutionConfigurationPlatforms) = preSolution
		Debug|x64 = Debug|x64
		Debug|x86 = Debug|x86
		Release|x64 = Release|x64
		Release|x86 = Release|x86
	EndGlobalSection
	GlobalSection(ProjectConfigurationPlatforms) = postSolution
		{EBFFFC97-8F0B-4731-AE8D-F67EAA3634F9}.Debug|x64.ActiveCfg = Debug|x64
		{EBFFFC97-8F0B-4731-AE8D-F67EAA3634F9}.Debug|x64.Build.0 = Debug|x64
		{EBFFFC97-8F0B-4731-AE8D-F67EAA3634F9}.Debug|x86.ActiveCfg = Debug|Win32
		{EBFFFC97-8F0B-4731-AE8D-F67EAA3634F9}.Debug|x86.Build.0 = Debug|Win32
		{EBFFFC97-8F0B-4731-AE8D-F67EAA3634F9}.Release|x64.ActiveCfg = Release|x64
		{EBFFFC97-8F0B-4731-AE8D-F67EAA3634F9}.Release|x64.Build.0 = Release|x64
		{EBFFFC97-8F0B-4731-AE8D-F67EAA3634F9}.Release|x86.ActiveCfg = Release|Win32
		{EBFFFC97-8F0B-4731-AE8D-F67EAA3634F9}.Release|x86.Build.0 = Release|Win32
	EndGlobalSection
	GlobalSection(SolutionProperties) = preSolution
		HideSolutionNode = FALSE
	EndGlobalSection
	GlobalSection(ExtensibilityGlobals) = postSolution
		SolutionGuid = {F163460D-9DDB-4DD2-86BD-A195B67940D6}
	EndGlobalSection
EndGlobal
