
Microsoft Visual Studio Solution File, Format Version 12.00
# Visual Studio 15
VisualStudioVersion = 15.0.28010.2036
MinimumVisualStudioVersion = 10.0.40219.1
Project("{8BC9CEB8-8B4A-11D0-8D11-00A0C91BC942}") = "Exercise501 10 1", "Exercise501 10 1\Exercise501 10 1.vcxproj", "{64413E5F-CBA9-4CC7-A6CF-4536A75F134E}"
EndProject
Global
	GlobalSection(SolutionConfigurationPlatforms) = preSolution
		Debug|x64 = Debug|x64
		Debug|x86 = Debug|x86
		Release|x64 = Release|x64
		Release|x86 = Release|x86
	EndGlobalSection
	GlobalSection(ProjectConfigurationPlatforms) = postSolution
		{64413E5F-CBA9-4CC7-A6CF-4536A75F134E}.Debug|x64.ActiveCfg = Debug|x64
		{64413E5F-CBA9-4CC7-A6CF-4536A75F134E}.Debug|x64.Build.0 = Debug|x64
		{64413E5F-CBA9-4CC7-A6CF-4536A75F134E}.Debug|x86.ActiveCfg = Debug|Win32
		{64413E5F-CBA9-4CC7-A6CF-4536A75F134E}.Debug|x86.Build.0 = Debug|Win32
		{64413E5F-CBA9-4CC7-A6CF-4536A75F134E}.Release|x64.ActiveCfg = Release|x64
		{64413E5F-CBA9-4CC7-A6CF-4536A75F134E}.Release|x64.Build.0 = Release|x64
		{64413E5F-CBA9-4CC7-A6CF-4536A75F134E}.Release|x86.ActiveCfg = Release|Win32
		{64413E5F-CBA9-4CC7-A6CF-4536A75F134E}.Release|x86.Build.0 = Release|Win32
	EndGlobalSection
	GlobalSection(SolutionProperties) = preSolution
		HideSolutionNode = FALSE
	EndGlobalSection
	GlobalSection(ExtensibilityGlobals) = postSolution
		SolutionGuid = {58A56535-D5AF-4B94-B881-87BD64DFE339}
	EndGlobalSection
EndGlobal
